
Microsoft Visual Studio Solution File, Format Version 12.00
# Visual Studio 14
VisualStudioVersion = 14.0.24720.0
MinimumVisualStudioVersion = 10.0.40219.1
Project("{FAE04EC0-301F-11D3-BF4B-00C04F79EFBC}") = "Email Module.Tests", "Email Module.Tests\Email Module.Tests.csproj", "{21CA6984-6A43-478F-A94B-5E4CD58D3368}"
EndProject
Global
	GlobalSection(SolutionConfigurationPlatforms) = preSolution
		Debug|Any CPU = Debug|Any CPU
		Release|Any CPU = Release|Any CPU
	EndGlobalSection
	GlobalSection(ProjectConfigurationPlatforms) = postSolution
		{21CA6984-6A43-478F-A94B-5E4CD58D3368}.Debug|Any CPU.ActiveCfg = Debug|Any CPU
		{21CA6984-6A43-478F-A94B-5E4CD58D3368}.Debug|Any CPU.Build.0 = Debug|Any CPU
		{21CA6984-6A43-478F-A94B-5E4CD58D3368}.Release|Any CPU.ActiveCfg = Release|Any CPU
		{21CA6984-6A43-478F-A94B-5E4CD58D3368}.Release|Any CPU.Build.0 = Release|Any CPU
	EndGlobalSection
	GlobalSection(SolutionProperties) = preSolution
		HideSolutionNode = FALSE
	EndGlobalSection
EndGlobal
